
Microsoft Visual Studio Solution File, Format Version 12.00
# Visual Studio Version 17
VisualStudioVersion = 17.14.36915.13
MinimumVisualStudioVersion = 10.0.40219.1
Project("{FAE04EC0-301F-11D3-BF4B-00C04F79EFBC}") = "GymAppLecture", "GymAppLecture\GymAppLecture.csproj", "{B9A18B4E-0CA0-40EE-9144-102F6EA368CA}"
EndProject
Project("{FAE04EC0-301F-11D3-BF4B-00C04F79EFBC}") = "GymManagement.PL", "GymManagement.PL\GymManagement.PL.csproj", "{6E6D380D-A59E-4A73-B84A-0CB135D29046}"
EndProject
Project("{FAE04EC0-301F-11D3-BF4B-00C04F79EFBC}") = "GymManagement .DAL", "GymManagement .DAL\GymManagement .DAL.csproj", "{3B8887F6-B7BB-4A6C-9494-605507343B1D}"
EndProject
Project("{FAE04EC0-301F-11D3-BF4B-00C04F79EFBC}") = "GymManagement.BLL", "GymManagement.BLL\GymManagement.BLL.csproj", "{EDCACFE3-AFB3-4B04-9257-6B865869D5CF}"
EndProject
Global
	GlobalSection(SolutionConfigurationPlatforms) = preSolution
		Debug|Any CPU = Debug|Any CPU
		Release|Any CPU = Release|Any CPU
	EndGlobalSection
	GlobalSection(ProjectConfigurationPlatforms) = postSolution
		{B9A18B4E-0CA0-40EE-9144-102F6EA368CA}.Debug|Any CPU.ActiveCfg = Debug|Any CPU
		{B9A18B4E-0CA0-40EE-9144-102F6EA368CA}.Debug|Any CPU.Build.0 = Debug|Any CPU
		{B9A18B4E-0CA0-40EE-9144-102F6EA368CA}.Release|Any CPU.ActiveCfg = Release|Any CPU
		{B9A18B4E-0CA0-40EE-9144-102F6EA368CA}.Release|Any CPU.Build.0 = Release|Any CPU
		{6E6D380D-A59E-4A73-B84A-0CB135D29046}.Debug|Any CPU.ActiveCfg = Debug|Any CPU
		{6E6D380D-A59E-4A73-B84A-0CB135D29046}.Debug|Any CPU.Build.0 = Debug|Any CPU
		{6E6D380D-A59E-4A73-B84A-0CB135D29046}.Release|Any CPU.ActiveCfg = Release|Any CPU
		{6E6D380D-A59E-4A73-B84A-0CB135D29046}.Release|Any CPU.Build.0 = Release|Any CPU
		{3B8887F6-B7BB-4A6C-9494-605507343B1D}.Debug|Any CPU.ActiveCfg = Debug|Any CPU
		{3B8887F6-B7BB-4A6C-9494-605507343B1D}.Debug|Any CPU.Build.0 = Debug|Any CPU
		{3B8887F6-B7BB-4A6C-9494-605507343B1D}.Release|Any CPU.ActiveCfg = Release|Any CPU
		{3B8887F6-B7BB-4A6C-9494-605507343B1D}.Release|Any CPU.Build.0 = Release|Any CPU
		{EDCACFE3-AFB3-4B04-9257-6B865869D5CF}.Debug|Any CPU.ActiveCfg = Debug|Any CPU
		{EDCACFE3-AFB3-4B04-9257-6B865869D5CF}.Debug|Any CPU.Build.0 = Debug|Any CPU
		{EDCACFE3-AFB3-4B04-9257-6B865869D5CF}.Release|Any CPU.ActiveCfg = Release|Any CPU
		{EDCACFE3-AFB3-4B04-9257-6B865869D5CF}.Release|Any CPU.Build.0 = Release|Any CPU
	EndGlobalSection
	GlobalSection(SolutionProperties) = preSolution
		HideSolutionNode = FALSE
	EndGlobalSection
	GlobalSection(ExtensibilityGlobals) = postSolution
		SolutionGuid = {5E39B9E7-1BCE-4232-AD8E-E2CD986C486C}
	EndGlobalSection
EndGlobal
